Microsoft Visual Studio Solution File, Format Version 12.00
# Visual Studio Version 17
VisualStudioVersion = 17.5.2.0
MinimumVisualStudioVersion = 10.0.40219.1
Project("{FAE04EC0-301F-11D3-BF4B-00C04F79EFBC}") = "FitCorpus.Infrastructure", "FitCorpus.Infrastructure.csproj", "{68F174ED-B0F5-3422-716F-2A2A34C0E83B}"
EndProject
Global
	GlobalSection(SolutionConfigurationPlatforms) = preSolution
		Debug|Any CPU = Debug|Any CPU
		Release|Any CPU = Release|Any CPU
	EndGlobalSection
	GlobalSection(ProjectConfigurationPlatforms) = postSolution
		{68F174ED-B0F5-3422-716F-2A2A34C0E83B}.Debug|Any CPU.ActiveCfg = Debug|Any CPU
		{68F174ED-B0F5-3422-716F-2A2A34C0E83B}.Debug|Any CPU.Build.0 = Debug|Any CPU
		{68F174ED-B0F5-3422-716F-2A2A34C0E83B}.Release|Any CPU.ActiveCfg = Release|Any CPU
		{68F174ED-B0F5-3422-716F-2A2A34C0E83B}.Release|Any CPU.Build.0 = Release|Any CPU
	EndGlobalSection
	GlobalSection(SolutionProperties) = preSolution
		HideSolutionNode = FALSE
	EndGlobalSection
	GlobalSection(ExtensibilityGlobals) = postSolution
		SolutionGuid = {0DEBE537-836A-46E3-A381-61D5E9C5D98D}
	EndGlobalSection
EndGlobal
